
Microsoft Visual Studio Solution File, Format Version 12.00
# Visual Studio Version 16
VisualStudioVersion = 16.0.33027.164
MinimumVisualStudioVersion = 10.0.40219.1
Project("{FAE04EC0-301F-11D3-BF4B-00C04F79EFBC}") = "lab3ex5", "lab3ex5\lab3ex5.csproj", "{338322C5-29D6-4B19-A30F-5ED5599BFDAD}"
EndProject
Global
	GlobalSection(SolutionConfigurationPlatforms) = preSolution
		Debug|Any CPU = Debug|Any CPU
		Release|Any CPU = Release|Any CPU
	EndGlobalSection
	GlobalSection(ProjectConfigurationPlatforms) = postSolution
		{338322C5-29D6-4B19-A30F-5ED5599BFDAD}.Debug|Any CPU.ActiveCfg = Debug|Any CPU
		{338322C5-29D6-4B19-A30F-5ED5599BFDAD}.Debug|Any CPU.Build.0 = Debug|Any CPU
		{338322C5-29D6-4B19-A30F-5ED5599BFDAD}.Release|Any CPU.ActiveCfg = Release|Any CPU
		{338322C5-29D6-4B19-A30F-5ED5599BFDAD}.Release|Any CPU.Build.0 = Release|Any CPU
	EndGlobalSection
	GlobalSection(SolutionProperties) = preSolution
		HideSolutionNode = FALSE
	EndGlobalSection
	GlobalSection(ExtensibilityGlobals) = postSolution
		SolutionGuid = {08789630-C98A-44D6-946F-EF707D531B4F}
	EndGlobalSection
EndGlobal
